{
    "_readme": [
        "This file locks the dependencies of your project to a known state",
        "Read more about it at https://getcomposer.org/doc/01-basic-usage.md#composer-lock-the-lock-file",
        "This file is @generated automatically"
    ],
    "content-hash": "0f5261b2b5b109e2b8a126d4aaa4bc3e",
    "packages": [
        {
            "name": "krinkle/intuition",
            "version": "v1.1.0",
            "source": {
                "type": "git",
                "url": "https://github.com/Krinkle/intuition.git",
                "reference": "a367ed1fd856fa8dba797f2bbbadbec5462bdb5f"
            },
            "dist": {
                "type": "zip",
                "url": "https://api.github.com/repos/Krinkle/intuition/zipball/a367ed1fd856fa8dba797f2bbbadbec5462bdb5f",
                "reference": "a367ed1fd856fa8dba797f2bbbadbec5462bdb5f",
                "shasum": ""
            },
            "require": {
                "php": ">=7.0"
            },
            "require-dev": {
                "jakub-onderka/php-parallel-lint": "1.0.0",
                "mediawiki/mediawiki-codesniffer": "21.0.0",
                "php-coveralls/php-coveralls": "^2.1",
                "phpunit/phpunit": "^6.5.11"
            },
            "type": "library",
            "autoload": {
                "files": [
                    "src/defines.php",
                    "src/compat.php"
                ],
                "psr-4": {
                    "Krinkle\\Intuition\\": "src/"
                },
                "psr-0": {
                    "MessagesFunctions": "language/"
                }
            },
            "notification-url": "https://packagist.org/downloads/",
            "license": [
                "MIT"
            ],
            "description": "Framework for localisation in PHP.",
            "time": "2018-08-21T05:19:46+00:00"
        }
    ],
    "packages-dev": [],
    "aliases": [],
    "minimum-stability": "stable",
    "stability-flags": [],
    "prefer-stable": false,
    "prefer-lowest": false,
    "platform": [],
    "platform-dev": []
}
